
Microsoft Visual Studio Solution File, Format Version 12.00
# Visual Studio Version 17
VisualStudioVersion = 17.5.002.0
MinimumVisualStudioVersion = 10.0.40219.1
Project("{9A19103F-16F7-4668-BE54-9A1E7A4F7556}") = "day-05", "day-05.csproj", "{2E3679A7-36B3-4869-87EC-2CED750CE021}"
EndProject
Global
	GlobalSection(SolutionConfigurationPlatforms) = preSolution
		Debug|Any CPU = Debug|Any CPU
		Release|Any CPU = Release|Any CPU
	EndGlobalSection
	GlobalSection(ProjectConfigurationPlatforms) = postSolution
		{2E3679A7-36B3-4869-87EC-2CED750CE021}.Debug|Any CPU.ActiveCfg = Debug|Any CPU
		{2E3679A7-36B3-4869-87EC-2CED750CE021}.Debug|Any CPU.Build.0 = Debug|Any CPU
		{2E3679A7-36B3-4869-87EC-2CED750CE021}.Release|Any CPU.ActiveCfg = Release|Any CPU
		{2E3679A7-36B3-4869-87EC-2CED750CE021}.Release|Any CPU.Build.0 = Release|Any CPU
	EndGlobalSection
	GlobalSection(SolutionProperties) = preSolution
		HideSolutionNode = FALSE
	EndGlobalSection
	GlobalSection(ExtensibilityGlobals) = postSolution
		SolutionGuid = {1A7D85E8-A3FB-452C-82B0-1135102FB91E}
	EndGlobalSection
EndGlobal
